{
  "name": "passfy-template-pack",
  "version": "1.0.0",
  "lockfileVersion": 3,
  "requires": true,
  "packages": {
    "": {
      "name": "passfy-template-pack",
      "version": "1.0.0",
      "license": "PROPRIETARY",
      "dependencies": {
        "@pdf-lib/fontkit": "^1.1.1",
        "pdf-lib": "^1.17.1",
        "pdfmake-node": "^0.2.32"
      },
      "devDependencies": {
        "ajv": "^8.12.0"
      }
    },
    "node_modules/@pdf-lib/fontkit": {
      "version": "1.1.1",
      "resolved": "https://registry.npmjs.org/@pdf-lib/fontkit/-/fontkit-1.1.1.tgz",
      "integrity": "sha512-KjMd7grNapIWS/Dm0gvfHEilSyAmeLvrEGVcqLGi0VYebuqqzTbgF29efCx7tvx+IEbG3zQciRSWl3GkUSvjZg==",
      "license": "MIT",
      "dependencies": {
        "pako": "^1.0.6"
      }
    },
    "node_modules/@pdf-lib/standard-fonts": {
      "version": "1.0.0",
      "license": "MIT",
      "dependencies": {
        "pako": "^1.0.6"
      }
    },
    "node_modules/@pdf-lib/upng": {
      "version": "1.0.1",
      "license": "MIT",
      "dependencies": {
        "pako": "^1.0.10"
      }
    },
    "node_modules/ajv": {
      "version": "8.17.1",
      "dev": true,
      "license": "MIT",
      "dependencies": {
        "fast-deep-equal": "^3.1.3",
        "fast-uri": "^3.0.1",
        "json-schema-traverse": "^1.0.0",
        "require-from-string": "^2.0.2"
      },
      "funding": {
        "type": "github",
        "url": "https://github.com/sponsors/epoberezkin"
      }
    },
    "node_modules/fast-deep-equal": {
      "version": "3.1.3",
      "dev": true,
      "license": "MIT"
    },
    "node_modules/fast-uri": {
      "version": "3.1.0",
      "dev": true,
      "funding": [
        {
          "type": "github",
          "url": "https://github.com/sponsors/fastify"
        },
        {
          "type": "opencollective",
          "url": "https://opencollective.com/fastify"
        }
      ],
      "license": "BSD-3-Clause"
    },
    "node_modules/json-schema-traverse": {
      "version": "1.0.0",
      "dev": true,
      "license": "MIT"
    },
    "node_modules/linebreak": {
      "version": "0.1.2",
      "resolved": "https://registry.npmjs.org/linebreak/-/linebreak-0.1.2.tgz",
      "integrity": "sha512-tXVC//cc4KcNuZqnmkEWjUOeycIzLfrhlBJMVN1TCPzXeS1Oa3u+8HEJLLpj+DIvPWU662in+Dc1p+1OHguuHA==",
      "license": "MIT",
      "dependencies": {
        "unicode-trie": "^0.1.1"
      }
    },
    "node_modules/lodash": {
      "version": "4.17.21",
      "resolved": "https://registry.npmjs.org/lodash/-/lodash-4.17.21.tgz",
      "integrity": "sha512-v2kDEe57lecTulaDIuNTPy3Ry4gLGJ6Z1O3vE1krgXZNrsQ+LFTGHVxVjcXPs17LhbZVGedAJv8XZ1tvj5FvSg==",
      "license": "MIT"
    },
    "node_modules/pako": {
      "version": "1.0.11",
      "license": "(MIT AND Zlib)"
    },
    "node_modules/pdf-lib": {
      "version": "1.17.1",
      "license": "MIT",
      "dependencies": {
        "@pdf-lib/standard-fonts": "^1.0.0",
        "@pdf-lib/upng": "^1.0.1",
        "pako": "^1.0.11",
        "tslib": "^1.11.1"
      }
    },
    "node_modules/pdfkit": {
      "version": "0.7.2",
      "resolved": "https://registry.npmjs.org/pdfkit/-/pdfkit-0.7.2.tgz",
      "integrity": "sha512-SYZu0qS7AFydZKrWnyon0Mlmxn+Q1nO1Nn9R+FiM/jxKpnNQzfQsRuhw3o3C3AYFaO8nrZPDbKXKuYO68/10aQ==",
      "dependencies": {
        "linebreak": "~0.1.0",
        "png-js": ">=0.1.0"
      }
    },
    "node_modules/pdfmake-node": {
      "version": "0.2.32",
      "resolved": "https://registry.npmjs.org/pdfmake-node/-/pdfmake-node-0.2.32.tgz",
      "integrity": "sha512-tKKOk/5wNGB9jStExP6zBcGX8Q/cv3a7mmNlYn12jF3OuZqX/D8Fw/t+yphpEgH6HM2pPjBkCt1pw9Za4ByVMA==",
      "deprecated": "Changes of this fork have been merged, please switch back to pdfmake",
      "license": "MIT",
      "dependencies": {
        "lodash": "^4.13.1",
        "pdfkit": "~0.7.2"
      }
    },
    "node_modules/png-js": {
      "version": "1.0.0",
      "resolved": "https://registry.npmjs.org/png-js/-/png-js-1.0.0.tgz",
      "integrity": "sha512-k+YsbhpA9e+EFfKjTCH3VW6aoKlyNYI6NYdTfDL4CIvFnvsuO84ttonmZE7rc+v23SLTH8XX+5w/Ak9v0xGY4g=="
    },
    "node_modules/require-from-string": {
      "version": "2.0.2",
      "dev": true,
      "license": "MIT",
      "engines": {
        "node": ">=0.10.0"
      }
    },
    "node_modules/tslib": {
      "version": "1.14.1",
      "license": "0BSD"
    },
    "node_modules/unicode-trie": {
      "version": "0.1.2",
      "resolved": "https://registry.npmjs.org/unicode-trie/-/unicode-trie-0.1.2.tgz",
      "integrity": "sha512-mMF9CUstAEjwLZPsoCb79eXlglYsQkV+fPbssOiFxBdU3yFSnnv3r56HpV41BcAZ4SLsiGGrhWh/KneldWw/yg==",
      "license": "MIT"
    }
  }
}
