{
  "name": "passfy-template-pack",
  "version": "1.0.0",
  "lockfileVersion": 3,
  "requires": true,
  "packages": {
    "": {
      "name": "passfy-template-pack",
      "version": "1.0.0",
      "license": "PROPRIETARY",
      "dependencies": {
        "@pdf-lib/fontkit": "^1.1.1",
        "pdf-lib": "^1.17.1"
      },
      "devDependencies": {
        "ajv": "^8.12.0"
      }
    },
    "node_modules/@pdf-lib/fontkit": {
      "version": "1.1.1",
      "resolved": "https://registry.npmjs.org/@pdf-lib/fontkit/-/fontkit-1.1.1.tgz",
      "integrity": "sha512-KjMd7grNapIWS/Dm0gvfHEilSyAmeLvrEGVcqLGi0VYebuqqzTbgF29efCx7tvx+IEbG3zQciRSWl3GkUSvjZg==",
      "license": "MIT",
      "dependencies": {
        "pako": "^1.0.6"
      }
    },
    "node_modules/@pdf-lib/standard-fonts": {
      "version": "1.0.0",
      "license": "MIT",
      "dependencies": {
        "pako": "^1.0.6"
      }
    },
    "node_modules/@pdf-lib/upng": {
      "version": "1.0.1",
      "license": "MIT",
      "dependencies": {
        "pako": "^1.0.10"
      }
    },
    "node_modules/ajv": {
      "version": "8.17.1",
      "dev": true,
      "license": "MIT",
      "dependencies": {
        "fast-deep-equal": "^3.1.3",
        "fast-uri": "^3.0.1",
        "json-schema-traverse": "^1.0.0",
        "require-from-string": "^2.0.2"
      },
      "funding": {
        "type": "github",
        "url": "https://github.com/sponsors/epoberezkin"
      }
    },
    "node_modules/fast-deep-equal": {
      "version": "3.1.3",
      "dev": true,
      "license": "MIT"
    },
    "node_modules/fast-uri": {
      "version": "3.1.0",
      "dev": true,
      "funding": [
        {
          "type": "github",
          "url": "https://github.com/sponsors/fastify"
        },
        {
          "type": "opencollective",
          "url": "https://opencollective.com/fastify"
        }
      ],
      "license": "BSD-3-Clause"
    },
    "node_modules/json-schema-traverse": {
      "version": "1.0.0",
      "dev": true,
      "license": "MIT"
    },
    "node_modules/pako": {
      "version": "1.0.11",
      "license": "(MIT AND Zlib)"
    },
    "node_modules/pdf-lib": {
      "version": "1.17.1",
      "license": "MIT",
      "dependencies": {
        "@pdf-lib/standard-fonts": "^1.0.0",
        "@pdf-lib/upng": "^1.0.1",
        "pako": "^1.0.11",
        "tslib": "^1.11.1"
      }
    },
    "node_modules/require-from-string": {
      "version": "2.0.2",
      "dev": true,
      "license": "MIT",
      "engines": {
        "node": ">=0.10.0"
      }
    },
    "node_modules/tslib": {
      "version": "1.14.1",
      "license": "0BSD"
    }
  }
}
